
Microsoft Visual Studio Solution File, Format Version 12.00
# Visual Studio 15
VisualStudioVersion = 15.0.28307.271
MinimumVisualStudioVersion = 10.0.40219.1
Project("{E24C65DC-7377-472B-9ABA-BC803B73C61A}") = "2a_HttpHandler", "2a_HttpHandler\", "{309D7D18-FF20-4507-8204-30E1B6505478}"
	ProjectSection(WebsiteProperties) = preProject
		TargetFrameworkMoniker = ".NETFramework,Version%3Dv4.6.1"
		Debug.AspNetCompiler.VirtualPath = "/localhost_53839"
		Debug.AspNetCompiler.PhysicalPath = "2a_HttpHandler\"
		Debug.AspNetCompiler.TargetPath = "PrecompiledWeb\localhost_53839\"
		Debug.AspNetCompiler.Updateable = "true"
		Debug.AspNetCompiler.ForceOverwrite = "true"
		Debug.AspNetCompiler.FixedNames = "false"
		Debug.AspNetCompiler.Debug = "True"
		Release.AspNetCompiler.VirtualPath = "/localhost_53839"
		Release.AspNetCompiler.PhysicalPath = "2a_HttpHandler\"
		Release.AspNetCompiler.TargetPath = "PrecompiledWeb\localhost_53839\"
		Release.AspNetCompiler.Updateable = "true"
		Release.AspNetCompiler.ForceOverwrite = "true"
		Release.AspNetCompiler.FixedNames = "false"
		Release.AspNetCompiler.Debug = "False"
		VWDPort = "53839"
		SlnRelativePath = "2a_HttpHandler\"
		DefaultWebSiteLanguage = "Visual C#"
	EndProjectSection
EndProject
Project("{FAE04EC0-301F-11D3-BF4B-00C04F79EFBC}") = "POSTHttpRequestWF", "POSTHttpRequestWF\POSTHttpRequestWF.csproj", "{43F7A409-C451-47F3-BF43-3B5BB344DFBF}"
EndProject
Global
	GlobalSection(SolutionConfigurationPlatforms) = preSolution
		Debug|Any CPU = Debug|Any CPU
		Release|Any CPU = Release|Any CPU
	EndGlobalSection
	GlobalSection(ProjectConfigurationPlatforms) = postSolution
		{309D7D18-FF20-4507-8204-30E1B6505478}.Debug|Any CPU.ActiveCfg = Debug|Any CPU
		{309D7D18-FF20-4507-8204-30E1B6505478}.Debug|Any CPU.Build.0 = Debug|Any CPU
		{309D7D18-FF20-4507-8204-30E1B6505478}.Release|Any CPU.ActiveCfg = Debug|Any CPU
		{309D7D18-FF20-4507-8204-30E1B6505478}.Release|Any CPU.Build.0 = Debug|Any CPU
		{43F7A409-C451-47F3-BF43-3B5BB344DFBF}.Debug|Any CPU.ActiveCfg = Debug|Any CPU
		{43F7A409-C451-47F3-BF43-3B5BB344DFBF}.Debug|Any CPU.Build.0 = Debug|Any CPU
		{43F7A409-C451-47F3-BF43-3B5BB344DFBF}.Release|Any CPU.ActiveCfg = Release|Any CPU
		{43F7A409-C451-47F3-BF43-3B5BB344DFBF}.Release|Any CPU.Build.0 = Release|Any CPU
	EndGlobalSection
	GlobalSection(SolutionProperties) = preSolution
		HideSolutionNode = FALSE
	EndGlobalSection
	GlobalSection(ExtensibilityGlobals) = postSolution
		SolutionGuid = {0CFBEDA4-557D-4821-97AB-C738FD89F8BA}
	EndGlobalSection
EndGlobal
